
Microsoft Visual Studio Solution File, Format Version 12.00
# Visual Studio Version 16
VisualStudioVersion = 16.0.32602.291
MinimumVisualStudioVersion = 10.0.40219.1
Project("{FAE04EC0-301F-11D3-BF4B-00C04F79EFBC}") = "PR5", "PR5\PR5.csproj", "{0FEB2BFF-9174-4F88-B4F1-87E089500FB4}"
EndProject
Global
	GlobalSection(SolutionConfigurationPlatforms) = preSolution
		Debug|Any CPU = Debug|Any CPU
		Release|Any CPU = Release|Any CPU
	EndGlobalSection
	GlobalSection(ProjectConfigurationPlatforms) = postSolution
		{0FEB2BFF-9174-4F88-B4F1-87E089500FB4}.Debug|Any CPU.ActiveCfg = Debug|Any CPU
		{0FEB2BFF-9174-4F88-B4F1-87E089500FB4}.Debug|Any CPU.Build.0 = Debug|Any CPU
		{0FEB2BFF-9174-4F88-B4F1-87E089500FB4}.Release|Any CPU.ActiveCfg = Release|Any CPU
		{0FEB2BFF-9174-4F88-B4F1-87E089500FB4}.Release|Any CPU.Build.0 = Release|Any CPU
	EndGlobalSection
	GlobalSection(SolutionProperties) = preSolution
		HideSolutionNode = FALSE
	EndGlobalSection
	GlobalSection(ExtensibilityGlobals) = postSolution
		SolutionGuid = {CD22C298-1519-42D0-8864-319EF3585DB3}
	EndGlobalSection
EndGlobal
